
Microsoft Visual Studio Solution File, Format Version 12.00
Project("{FAE04EC0-301F-11D3-BF4B-00C04F79EFBC}") = "EscapeRoom", "EscapeRoom\EscapeRoom.csproj", "{9BA18AB4-CDC6-45DC-952F-F1E3687BEC5F}"
EndProject
Project("{FAE04EC0-301F-11D3-BF4B-00C04F79EFBC}") = "VectorMath", "VectorMath\VectorMath.csproj", "{577E594B-AFBA-4A74-AFFE-125AF55A58BE}"
EndProject
Project("{FAE04EC0-301F-11D3-BF4B-00C04F79EFBC}") = "MonsterCombatSimulator", "MonsterCombatSimulator\MonsterCombatSimulator.csproj", "{B29827D8-280F-48CC-A585-477697E0E5CD}"
EndProject
Project("{FAE04EC0-301F-11D3-BF4B-00C04F79EFBC}") = "MonsterCombatSim", "MonsterCombatSim\MonsterCombatSim.csproj", "{F372FC49-0220-4FC9-9470-79A2961B7115}"
EndProject
Global
	GlobalSection(SolutionConfigurationPlatforms) = preSolution
		Debug|Any CPU = Debug|Any CPU
		Release|Any CPU = Release|Any CPU
	EndGlobalSection
	GlobalSection(ProjectConfigurationPlatforms) = postSolution
		{9BA18AB4-CDC6-45DC-952F-F1E3687BEC5F}.Debug|Any CPU.ActiveCfg = Debug|Any CPU
		{9BA18AB4-CDC6-45DC-952F-F1E3687BEC5F}.Debug|Any CPU.Build.0 = Debug|Any CPU
		{9BA18AB4-CDC6-45DC-952F-F1E3687BEC5F}.Release|Any CPU.ActiveCfg = Release|Any CPU
		{9BA18AB4-CDC6-45DC-952F-F1E3687BEC5F}.Release|Any CPU.Build.0 = Release|Any CPU
		{577E594B-AFBA-4A74-AFFE-125AF55A58BE}.Debug|Any CPU.ActiveCfg = Debug|Any CPU
		{577E594B-AFBA-4A74-AFFE-125AF55A58BE}.Debug|Any CPU.Build.0 = Debug|Any CPU
		{577E594B-AFBA-4A74-AFFE-125AF55A58BE}.Release|Any CPU.ActiveCfg = Release|Any CPU
		{577E594B-AFBA-4A74-AFFE-125AF55A58BE}.Release|Any CPU.Build.0 = Release|Any CPU
		{B29827D8-280F-48CC-A585-477697E0E5CD}.Debug|Any CPU.ActiveCfg = Debug|Any CPU
		{B29827D8-280F-48CC-A585-477697E0E5CD}.Debug|Any CPU.Build.0 = Debug|Any CPU
		{B29827D8-280F-48CC-A585-477697E0E5CD}.Release|Any CPU.ActiveCfg = Release|Any CPU
		{B29827D8-280F-48CC-A585-477697E0E5CD}.Release|Any CPU.Build.0 = Release|Any CPU
		{F372FC49-0220-4FC9-9470-79A2961B7115}.Debug|Any CPU.ActiveCfg = Debug|Any CPU
		{F372FC49-0220-4FC9-9470-79A2961B7115}.Debug|Any CPU.Build.0 = Debug|Any CPU
		{F372FC49-0220-4FC9-9470-79A2961B7115}.Release|Any CPU.ActiveCfg = Release|Any CPU
		{F372FC49-0220-4FC9-9470-79A2961B7115}.Release|Any CPU.Build.0 = Release|Any CPU
	EndGlobalSection
EndGlobal
